
Microsoft Visual Studio Solution File, Format Version 12.00
# Visual Studio 14
VisualStudioVersion = 14.0.24720.0
MinimumVisualStudioVersion = 10.0.40219.1
Project("{8BC9CEB8-8B4A-11D0-8D11-00A0C91BC942}") = "pyprocfilter", "pyprocfilter\pyprocfilter.vcxproj", "{316243EB-53E9-4BCC-A164-33582429A8CC}"
EndProject
Project("{8BC9CEB8-8B4A-11D0-8D11-00A0C91BC942}") = "knprocfilter", "knprocfilter\knprocfilter.vcxproj", "{6EEDB758-96E4-4944-8D90-E1B3E0722B58}"
EndProject
Global
	GlobalSection(SolutionConfigurationPlatforms) = preSolution
		Release|x64 = Release|x64
		Release|x86 = Release|x86
	EndGlobalSection
	GlobalSection(ProjectConfigurationPlatforms) = postSolution
		{316243EB-53E9-4BCC-A164-33582429A8CC}.Release|x64.ActiveCfg = Release|x64
		{316243EB-53E9-4BCC-A164-33582429A8CC}.Release|x64.Build.0 = Release|x64
		{316243EB-53E9-4BCC-A164-33582429A8CC}.Release|x86.ActiveCfg = Release|Win32
		{316243EB-53E9-4BCC-A164-33582429A8CC}.Release|x86.Build.0 = Release|Win32
		{6EEDB758-96E4-4944-8D90-E1B3E0722B58}.Release|x64.ActiveCfg = Release|x64
		{6EEDB758-96E4-4944-8D90-E1B3E0722B58}.Release|x64.Build.0 = Release|x64
		{6EEDB758-96E4-4944-8D90-E1B3E0722B58}.Release|x64.Deploy.0 = Release|x64
		{6EEDB758-96E4-4944-8D90-E1B3E0722B58}.Release|x86.ActiveCfg = Release|Win32
		{6EEDB758-96E4-4944-8D90-E1B3E0722B58}.Release|x86.Build.0 = Release|Win32
		{6EEDB758-96E4-4944-8D90-E1B3E0722B58}.Release|x86.Deploy.0 = Release|Win32
	EndGlobalSection
	GlobalSection(SolutionProperties) = preSolution
		HideSolutionNode = FALSE
	EndGlobalSection
EndGlobal
